<?xml version="1.0" encoding="utf-8"?>
<Project ToolsVersion="4.0" xmlns="http://schemas.microsoft.com/developer/msbuild/2003">
  <ItemGroup>
    <ClCompile Include="main.cpp" />
    <ClCompile Include="NanoWindow.cpp">
      <Filter>NanoEngine</Filter>
    </ClCompile>
    <ClCompile Include="NanoCore.cpp">
      <Filter>NanoEngine</Filter>
    </ClCompile>
    <ClCompile Include="NanoInput.cpp">
      <Filter>NanoEngine</Filter>
    </ClCompile>
    <ClCompile Include="NanoRender.cpp">
      <Filter>NanoEngine</Filter>
    </ClCompile>
    <ClCompile Include="stdafx.cpp" />
    <ClCompile Include="NanoEngine.cpp">
      <Filter>NanoEngine</Filter>
    </ClCompile>
    <ClCompile Include="NanoRHI.cpp">
      <Filter>NanoEngine</Filter>
    </ClCompile>
    <ClCompile Include="NanoMath.cpp">
      <Filter>NanoEngine</Filter>
    </ClCompile>
    <ClCompile Include="Node.cpp">
      <Filter>temp</Filter>
    </ClCompile>
    <ClCompile Include="Animation.cpp">
      <Filter>temp</Filter>
    </ClCompile>
    <ClCompile Include="World.cpp">
      <Filter>temp</Filter>
    </ClCompile>
    <ClCompile Include="Model.cpp">
      <Filter>temp</Filter>
    </ClCompile>
  </ItemGroup>
  <ItemGroup>
    <Filter Include="NanoEngine">
      <UniqueIdentifier>{24278670-3b85-4783-81d8-3ec1877799d1}</UniqueIdentifier>
    </Filter>
    <Filter Include="temp">
      <UniqueIdentifier>{9369b54d-b18d-4226-bdd2-4d16f10496f8}</UniqueIdentifier>
    </Filter>
  </ItemGroup>
  <ItemGroup>
    <ClInclude Include="NanoHeader.h">
      <Filter>NanoEngine</Filter>
    </ClInclude>
    <ClInclude Include="NanoWindow.h">
      <Filter>NanoEngine</Filter>
    </ClInclude>
    <ClInclude Include="NanoCore.h">
      <Filter>NanoEngine</Filter>
    </ClInclude>
    <ClInclude Include="NanoInput.h">
      <Filter>NanoEngine</Filter>
    </ClInclude>
    <ClInclude Include="NanoRender.h">
      <Filter>NanoEngine</Filter>
    </ClInclude>
    <ClInclude Include="stdafx.h" />
    <ClInclude Include="NanoEngine.h">
      <Filter>NanoEngine</Filter>
    </ClInclude>
    <ClInclude Include="NanoRHI.h">
      <Filter>NanoEngine</Filter>
    </ClInclude>
    <ClInclude Include="NanoMath.h">
      <Filter>NanoEngine</Filter>
    </ClInclude>
    <ClInclude Include="Drawable.h">
      <Filter>temp</Filter>
    </ClInclude>
    <ClInclude Include="Node.h">
      <Filter>temp</Filter>
    </ClInclude>
    <ClInclude Include="Animation.h">
      <Filter>temp</Filter>
    </ClInclude>
    <ClInclude Include="World.h">
      <Filter>temp</Filter>
    </ClInclude>
    <ClInclude Include="Model.h">
      <Filter>temp</Filter>
    </ClInclude>
  </ItemGroup>
</Project>