<?xml version="1.0" encoding="utf-8"?>
<Project ToolsVersion="4.0" xmlns="http://schemas.microsoft.com/developer/msbuild/2003">
  <ItemGroup>
    <ClInclude Include="stdafx.h" />
    <ClInclude Include="GridAxis.h">
      <Filter>Advance\addon</Filter>
    </ClInclude>
    <ClInclude Include="Framebuffer.h">
      <Filter>Advance\addon</Filter>
    </ClInclude>
    <ClInclude Include="NanoCore.h">
      <Filter>Engine\core</Filter>
    </ClInclude>
    <ClInclude Include="NanoIO.h">
      <Filter>Engine\core</Filter>
    </ClInclude>
    <ClInclude Include="NanoLog.h">
      <Filter>Engine\core</Filter>
    </ClInclude>
    <ClInclude Include="NanoWindow.h">
      <Filter>Engine\App</Filter>
    </ClInclude>
    <ClInclude Include="NanoEngine.h">
      <Filter>Engine\App</Filter>
    </ClInclude>
    <ClInclude Include="Textures.h">
      <Filter>Engine\Render</Filter>
    </ClInclude>
    <ClInclude Include="NanoRender.h">
      <Filter>Engine\Render</Filter>
    </ClInclude>
    <ClInclude Include="GeometryGen.h">
      <Filter>Engine\Render</Filter>
    </ClInclude>
    <ClInclude Include="Material.h">
      <Filter>Engine\Render</Filter>
    </ClInclude>
    <ClInclude Include="Mesh.h">
      <Filter>Engine\Render</Filter>
    </ClInclude>
    <ClInclude Include="Model.h">
      <Filter>Engine\Render</Filter>
    </ClInclude>
    <ClInclude Include="NanoScene.h">
      <Filter>Engine\scene</Filter>
    </ClInclude>
    <ClInclude Include="EngineConfig.h">
      <Filter>Engine</Filter>
    </ClInclude>
    <ClInclude Include="Transform.h">
      <Filter>Engine\scene</Filter>
    </ClInclude>
    <ClInclude Include="NanoOpenGL3.h">
      <Filter>Engine\OpenGL\Old</Filter>
    </ClInclude>
    <ClInclude Include="NanoOpenGL3Advance.h">
      <Filter>Engine\OpenGL\Old</Filter>
    </ClInclude>
    <ClInclude Include="OGLContext.h">
      <Filter>Engine\OpenGL</Filter>
    </ClInclude>
    <ClInclude Include="OGLEnum.h">
      <Filter>Engine\OpenGL</Filter>
    </ClInclude>
    <ClInclude Include="OGLShader.h">
      <Filter>Engine\OpenGL\OGLResources</Filter>
    </ClInclude>
    <ClInclude Include="OGLVertexAttribute.h">
      <Filter>Engine\OpenGL\OGLResources</Filter>
    </ClInclude>
    <ClInclude Include="OGLBuffer.h">
      <Filter>Engine\OpenGL\OGLResources</Filter>
    </ClInclude>
    <ClInclude Include="NanoMath.h">
      <Filter>Engine\math</Filter>
    </ClInclude>
    <ClInclude Include="Heightmap.h">
      <Filter>Engine\Utilities</Filter>
    </ClInclude>
  </ItemGroup>
  <ItemGroup>
    <ClCompile Include="stdafx.cpp" />
    <ClCompile Include="Framebuffer.cpp">
      <Filter>Advance\addon</Filter>
    </ClCompile>
    <ClCompile Include="GridAxis.cpp">
      <Filter>Advance\addon</Filter>
    </ClCompile>
    <ClCompile Include="NanoCore.cpp">
      <Filter>Engine\core</Filter>
    </ClCompile>
    <ClCompile Include="NanoIO.cpp">
      <Filter>Engine\core</Filter>
    </ClCompile>
    <ClCompile Include="NanoLog.cpp">
      <Filter>Engine\core</Filter>
    </ClCompile>
    <ClCompile Include="NanoEngine.cpp">
      <Filter>Engine\App</Filter>
    </ClCompile>
    <ClCompile Include="NanoWindow.cpp">
      <Filter>Engine\App</Filter>
    </ClCompile>
    <ClCompile Include="NanoRender.cpp">
      <Filter>Engine\Render</Filter>
    </ClCompile>
    <ClCompile Include="GeometryGen.cpp">
      <Filter>Engine\Render</Filter>
    </ClCompile>
    <ClCompile Include="NanoRenderMaterial.cpp">
      <Filter>Engine\Render</Filter>
    </ClCompile>
    <ClCompile Include="Mesh.cpp">
      <Filter>Engine\Render</Filter>
    </ClCompile>
    <ClCompile Include="Model.cpp">
      <Filter>Engine\Render</Filter>
    </ClCompile>
    <ClCompile Include="Textures.cpp">
      <Filter>Engine\Render</Filter>
    </ClCompile>
    <ClCompile Include="NanoScene.cpp">
      <Filter>Engine\scene</Filter>
    </ClCompile>
    <ClCompile Include="NanoOpenGL3.cpp">
      <Filter>Engine\OpenGL\Old</Filter>
    </ClCompile>
    <ClCompile Include="NanoOpenGL3Advance.cpp">
      <Filter>Engine\OpenGL\Old</Filter>
    </ClCompile>
    <ClCompile Include="OGLContext.cpp">
      <Filter>Engine\OpenGL</Filter>
    </ClCompile>
    <ClCompile Include="OGLShader.cpp">
      <Filter>Engine\OpenGL\OGLResources</Filter>
    </ClCompile>
    <ClCompile Include="OGLVertexAttribute.cpp">
      <Filter>Engine\OpenGL\OGLResources</Filter>
    </ClCompile>
    <ClCompile Include="OGLBuffer.cpp">
      <Filter>Engine\OpenGL\OGLResources</Filter>
    </ClCompile>
    <ClCompile Include="NanoMath.cpp">
      <Filter>Engine\math</Filter>
    </ClCompile>
    <ClCompile Include="Heightmap.cpp">
      <Filter>Engine\Utilities</Filter>
    </ClCompile>
  </ItemGroup>
  <ItemGroup>
    <Filter Include="Engine">
      <UniqueIdentifier>{78445d58-8c6f-40f1-a47d-68307b57986a}</UniqueIdentifier>
    </Filter>
    <Filter Include="Engine\App">
      <UniqueIdentifier>{fcc6c727-08e5-46dd-9fe3-5ff602e146ea}</UniqueIdentifier>
    </Filter>
    <Filter Include="Engine\OpenGL">
      <UniqueIdentifier>{d9e1fa9f-2017-4589-9207-487567897cc8}</UniqueIdentifier>
    </Filter>
    <Filter Include="Engine\core">
      <UniqueIdentifier>{53aab21b-bba6-44a6-9b7c-20bb5f5aa6e6}</UniqueIdentifier>
    </Filter>
    <Filter Include="Engine\Render">
      <UniqueIdentifier>{7b1033fe-17a2-4352-a224-12da2b7bc6df}</UniqueIdentifier>
    </Filter>
    <Filter Include="Engine\scene">
      <UniqueIdentifier>{55dc66e2-a8e0-4a1b-b7ab-e8922c969627}</UniqueIdentifier>
    </Filter>
    <Filter Include="Advance">
      <UniqueIdentifier>{c52ed9b7-9ca9-4a2a-b10f-984e6c656fc0}</UniqueIdentifier>
    </Filter>
    <Filter Include="Engine\OpenGL\Old">
      <UniqueIdentifier>{06a273ab-36dd-475c-bf3a-cec2e1e3901e}</UniqueIdentifier>
    </Filter>
    <Filter Include="Engine\OpenGL\OGLResources">
      <UniqueIdentifier>{8512fdc1-3326-4780-98e6-6faf852185a5}</UniqueIdentifier>
    </Filter>
    <Filter Include="Engine\math">
      <UniqueIdentifier>{c3d3e897-ec73-41a3-bc59-42650cbda9cd}</UniqueIdentifier>
    </Filter>
    <Filter Include="Engine\Utilities">
      <UniqueIdentifier>{6b3ec0da-aed0-4324-b5a4-97fed4ff7d5f}</UniqueIdentifier>
    </Filter>
    <Filter Include="Advance\addon">
      <UniqueIdentifier>{3bb12332-32a3-4679-9145-55aae33c61d1}</UniqueIdentifier>
    </Filter>
  </ItemGroup>
  <ItemGroup>
    <None Include="OGLEnum.inl">
      <Filter>Engine\OpenGL</Filter>
    </None>
  </ItemGroup>
</Project>